// !$*UTF8*$!
{
	archiveVersion = 1;
	classes = {
	};
	objectVersion = 50;
	objects = {

/* Begin PBXBuildFile section */
		584F938624D798F2007C9A08 /* AppDelegate.swift in Sources */ = {isa = PBXBuildFile; fileRef = 584F938524D798F2007C9A08 /* AppDelegate.swift */; };
		584F938D24D798F2007C9A08 /* Main.storyboard in Resources */ = {isa = PBXBuildFile; fileRef = 584F938B24D798F2007C9A08 /* Main.storyboard */; };
		584F938F24D798F3007C9A08 /* Assets.xcassets in Resources */ = {isa = PBXBuildFile; fileRef = 584F938E24D798F3007C9A08 /* Assets.xcassets */; };
		584F939224D798F3007C9A08 /* LaunchScreen.storyboard in Resources */ = {isa = PBXBuildFile; fileRef = 584F939024D798F3007C9A08 /* LaunchScreen.storyboard */; };
		584F939C24D79AF3007C9A08 /* MainNavigationController.swift in Sources */ = {isa = PBXBuildFile; fileRef = 584F939B24D79AF3007C9A08 /* MainNavigationController.swift */; };
		584F939E24D79BBC007C9A08 /* MemeCreatorViewController.swift in Sources */ = {isa = PBXBuildFile; fileRef = 584F939D24D79BBC007C9A08 /* MemeCreatorViewController.swift */; };
		878B883C2519012700D18BDE /* MemeModel.swift in Sources */ = {isa = PBXBuildFile; fileRef = 878B883B2519012700D18BDE /* MemeModel.swift */; };
		87AD75F32509246800622969 /* MemeView.swift in Sources */ = {isa = PBXBuildFile; fileRef = 87AD75F22509246800622969 /* MemeView.swift */; };
/* End PBXBuildFile section */

/* Begin PBXFileReference section */
		584F938224D798F2007C9A08 /* MemeMe1.app */ = {isa = PBXFileReference; explicitFileType = wrapper.application; includeInIndex = 0; path = MemeMe1.app; sourceTree = BUILT_PRODUCTS_DIR; };
		584F938524D798F2007C9A08 /* AppDelegate.swift */ = {isa = PBXFileReference; lastKnownFileType = sourcecode.swift; path = AppDelegate.swift; sourceTree = "<group>"; };
		584F938C24D798F2007C9A08 /* Base */ = {isa = PBXFileReference; lastKnownFileType = file.storyboard; name = Base; path = Base.lproj/Main.storyboard; sourceTree = "<group>"; };
		584F938E24D798F3007C9A08 /* Assets.xcassets */ = {isa = PBXFileReference; lastKnownFileType = folder.assetcatalog; path = Assets.xcassets; sourceTree = "<group>"; };
		584F939124D798F3007C9A08 /* Base */ = {isa = PBXFileReference; lastKnownFileType = file.storyboard; name = Base; path = Base.lproj/LaunchScreen.storyboard; sourceTree = "<group>"; };
		584F939324D798F3007C9A08 /* Info.plist */ = {isa = PBXFileReference; lastKnownFileType = text.plist.xml; path = Info.plist; sourceTree = "<group>"; };
		584F939B24D79AF3007C9A08 /* MainNavigationController.swift */ = {isa = PBXFileReference; lastKnownFileType = sourcecode.swift; path = MainNavigationController.swift; sourceTree = "<group>"; };
		584F939D24D79BBC007C9A08 /* MemeCreatorViewController.swift */ = {isa = PBXFileReference; lastKnownFileType = sourcecode.swift; path = MemeCreatorViewController.swift; sourceTree = "<group>"; };
		878B883B2519012700D18BDE /* MemeModel.swift */ = {isa = PBXFileReference; lastKnownFileType = sourcecode.swift; path = MemeModel.swift; sourceTree = "<group>"; };
		87AD75F22509246800622969 /* MemeView.swift */ = {isa = PBXFileReference; lastKnownFileType = sourcecode.swift; path = MemeView.swift; sourceTree = "<group>"; };
/* End PBXFileReference section */

/* Begin PBXFrameworksBuildPhase section */
		584F937F24D798F2007C9A08 /* Frameworks */ = {
			isa = PBXFrameworksBuildPhase;
			buildActionMask = 2147483647;
			files = (
			);
			runOnlyForDeploymentPostprocessing = 0;
		};
/* End PBXFrameworksBuildPhase section */

/* Begin PBXGroup section */
		584F937924D798F2007C9A08 = {
			isa = PBXGroup;
			children = (
				584F938424D798F2007C9A08 /* MemeMe1 */,
				584F938324D798F2007C9A08 /* Products */,
			);
			sourceTree = "<group>";
		};
		584F938324D798F2007C9A08 /* Products */ = {
			isa = PBXGroup;
			children = (
				584F938224D798F2007C9A08 /* MemeMe1.app */,
			);
			name = Products;
			sourceTree = "<group>";
		};
		584F938424D798F2007C9A08 /* MemeMe1 */ = {
			isa = PBXGroup;
			children = (
				87AD75EF2509235700622969 /* Views */,
				584F939A24D79AC9007C9A08 /* Controllers */,
				584F939924D79AC2007C9A08 /* Models */,
				584F938524D798F2007C9A08 /* AppDelegate.swift */,
				584F938B24D798F2007C9A08 /* Main.storyboard */,
				584F938E24D798F3007C9A08 /* Assets.xcassets */,
				584F939024D798F3007C9A08 /* LaunchScreen.storyboard */,
				584F939324D798F3007C9A08 /* Info.plist */,
			);
			path = MemeMe1;
			sourceTree = "<group>";
		};
		584F939924D79AC2007C9A08 /* Models */ = {
			isa = PBXGroup;
			children = (
				878B883B2519012700D18BDE /* MemeModel.swift */,
			);
			path = Models;
			sourceTree = "<group>";
		};
		584F939A24D79AC9007C9A08 /* Controllers */ = {
			isa = PBXGroup;
			children = (
				584F939B24D79AF3007C9A08 /* MainNavigationController.swift */,
				584F939D24D79BBC007C9A08 /* MemeCreatorViewController.swift */,
			);
			path = Controllers;
			sourceTree = "<group>";
		};
		87AD75EF2509235700622969 /* Views */ = {
			isa = PBXGroup;
			children = (
				87AD75F22509246800622969 /* MemeView.swift */,
			);
			path = Views;
			sourceTree = "<group>";
		};
/* End PBXGroup section */

/* Begin PBXNativeTarget section */
		584F938124D798F2007C9A08 /* MemeMe1 */ = {
			isa = PBXNativeTarget;
			buildConfigurationList = 584F939624D798F3007C9A08 /* Build configuration list for PBXNativeTarget "MemeMe1" */;
			buildPhases = (
				584F937E24D798F2007C9A08 /* Sources */,
				584F937F24D798F2007C9A08 /* Frameworks */,
				584F938024D798F2007C9A08 /* Resources */,
			);
			buildRules = (
			);
			dependencies = (
			);
			name = MemeMe1;
			productName = "hus-demo";
			productReference = 584F938224D798F2007C9A08 /* MemeMe1.app */;
			productType = "com.apple.product-type.application";
		};
/* End PBXNativeTarget section */

/* Begin PBXProject section */
		584F937A24D798F2007C9A08 /* Project object */ = {
			isa = PBXProject;
			attributes = {
				LastSwiftUpdateCheck = 1160;
				LastUpgradeCheck = 1200;
				ORGANIZATIONNAME = "Adrian Domanico";
				TargetAttributes = {
					584F938124D798F2007C9A08 = {
						CreatedOnToolsVersion = 11.6;
					};
				};
			};
			buildConfigurationList = 584F937D24D798F2007C9A08 /* Build configuration list for PBXProject "MemeMe1" */;
			compatibilityVersion = "Xcode 9.3";
			developmentRegion = en;
			hasScannedForEncodings = 0;
			knownRegions = (
				en,
				Base,
			);
			mainGroup = 584F937924D798F2007C9A08;
			productRefGroup = 584F938324D798F2007C9A08 /* Products */;
			projectDirPath = "";
			projectRoot = "";
			targets = (
				584F938124D798F2007C9A08 /* MemeMe1 */,
			);
		};
/* End PBXProject section */

/* Begin PBXResourcesBuildPhase section */
		584F938024D798F2007C9A08 /* Resources */ = {
			isa = PBXResourcesBuildPhase;
			buildActionMask = 2147483647;
			files = (
				584F939224D798F3007C9A08 /* LaunchScreen.storyboard in Resources */,
				584F938F24D798F3007C9A08 /* Assets.xcassets in Resources */,
				584F938D24D798F2007C9A08 /* Main.storyboard in Resources */,
			);
			runOnlyForDeploymentPostprocessing = 0;
		};
/* End PBXResourcesBuildPhase section */

/* Begin PBXSourcesBuildPhase section */
		584F937E24D798F2007C9A08 /* Sources */ = {
			isa = PBXSourcesBuildPhase;
			buildActionMask = 2147483647;
			files = (
				87AD75F32509246800622969 /* MemeView.swift in Sources */,
				584F939E24D79BBC007C9A08 /* MemeCreatorViewController.swift in Sources */,
				584F939C24D79AF3007C9A08 /* MainNavigationController.swift in Sources */,
				584F938624D798F2007C9A08 /* AppDelegate.swift in Sources */,
				878B883C2519012700D18BDE /* MemeModel.swift in Sources */,
			);
			runOnlyForDeploymentPostprocessing = 0;
		};
/* End PBXSourcesBuildPhase section */

/* Begin PBXVariantGroup section */
		584F938B24D798F2007C9A08 /* Main.storyboard */ = {
			isa = PBXVariantGroup;
			children = (
				584F938C24D798F2007C9A08 /* Base */,
			);
			name = Main.storyboard;
			sourceTree = "<group>";
		};
		584F939024D798F3007C9A08 /* LaunchScreen.storyboard */ = {
			isa = PBXVariantGroup;
			children = (
				584F939124D798F3007C9A08 /* Base */,
			);
			name = LaunchScreen.storyboard;
			sourceTree = "<group>";
		};
/* End PBXVariantGroup section */

/* Begin XCBuildConfiguration section */
		584F939424D798F3007C9A08 /* Debug */ = {
			isa = XCBuildConfiguration;
			buildSettings = {
				ALWAYS_SEARCH_USER_PATHS = NO;
				CLANG_ANALYZER_NONNULL = YES;
				CLANG_ANALYZER_NUMBER_OBJECT_CONVERSION = YES_AGGRESSIVE;
				CLANG_CXX_LANGUAGE_STANDARD = "gnu++14";
				CLANG_CXX_LIBRARY = "libc++";
				CLANG_ENABLE_MODULES = YES;
				CLANG_ENABLE_OBJC_ARC = YES;
				CLANG_ENABLE_OBJC_WEAK = YES;
				CLANG_WARN_BLOCK_CAPTURE_AUTORELEASING = YES;
				CLANG_WARN_BOOL_CONVERSION = YES;
				CLANG_WARN_COMMA = YES;
				CLANG_WARN_CONSTANT_CONVERSION = YES;
				CLANG_WARN_DEPRECATED_OBJC_IMPLEMENTATIONS = YES;
				CLANG_WARN_DIRECT_OBJC_ISA_USAGE = YES_ERROR;
				CLANG_WARN_DOCUMENTATION_COMMENTS = YES;
				CLANG_WARN_EMPTY_BODY = YES;
				CLANG_WARN_ENUM_CONVERSION = YES;
				CLANG_WARN_INFINITE_RECURSION = YES;
				CLANG_WARN_INT_CONVERSION = YES;
				CLANG_WARN_NON_LITERAL_NULL_CONVERSION = YES;
				CLANG_WARN_OBJC_IMPLICIT_RETAIN_SELF = YES;
				CLANG_WARN_OBJC_LITERAL_CONVERSION = YES;
				CLANG_WARN_OBJC_ROOT_CLASS = YES_ERROR;
				CLANG_WARN_QUOTED_INCLUDE_IN_FRAMEWORK_HEADER = YES;
				CLANG_WARN_RANGE_LOOP_ANALYSIS = YES;
				CLANG_WARN_STRICT_PROTOTYPES = YES;
				CLANG_WARN_SUSPICIOUS_MOVE = YES;
				CLANG_WARN_UNGUARDED_AVAILABILITY = YES_AGGRESSIVE;
				CLANG_WARN_UNREACHABLE_CODE = YES;
				CLANG_WARN__DUPLICATE_METHOD_MATCH = YES;
				COPY_PHASE_STRIP = NO;
				DEBUG_INFORMATION_FORMAT = dwarf;
				ENABLE_STRICT_OBJC_MSGSEND = YES;
				ENABLE_TESTABILITY = YES;
				GCC_C_LANGUAGE_STANDARD = gnu11;
				GCC_DYNAMIC_NO_PIC = NO;
				GCC_NO_COMMON_BLOCKS = YES;
				GCC_OPTIMIZATION_LEVEL = 0;
				GCC_PREPROCESSOR_DEFINITIONS = (
					"DEBUG=1",
					"$(inherited)",
				);
				GCC_WARN_64_TO_32_BIT_CONVERSION = YES;
				GCC_WARN_ABOUT_RETURN_TYPE = YES_ERROR;
				GCC_WARN_UNDECLARED_SELECTOR = YES;
				GCC_WARN_UNINITIALIZED_AUTOS = YES_AGGRESSIVE;
				GCC_WARN_UNUSED_FUNCTION = YES;
				GCC_WARN_UNUSED_VARIABLE = YES;
				IPHONEOS_DEPLOYMENT_TARGET = 13.6;
				MTL_ENABLE_DEBUG_INFO = INCLUDE_SOURCE;
				MTL_FAST_MATH = YES;
				ONLY_ACTIVE_ARCH = YES;
				SDKROOT = iphoneos;
				SWIFT_ACTIVE_COMPILATION_CONDITIONS = DEBUG;
				SWIFT_OPTIMIZATION_LEVEL = "-Onone";
			};
			name = Debug;
		};
		584F939524D798F3007C9A08 /* Release */ = {
			isa = XCBuildConfiguration;
			buildSettings = {
				ALWAYS_SEARCH_USER_PATHS = NO;
				CLANG_ANALYZER_NONNULL = YES;
				CLANG_ANALYZER_NUMBER_OBJECT_CONVERSION = YES_AGGRESSIVE;
				CLANG_CXX_LANGUAGE_STANDARD = "gnu++14";
				CLANG_CXX_LIBRARY = "libc++";
				CLANG_ENABLE_MODULES = YES;
				CLANG_ENABLE_OBJC_ARC = YES;
				CLANG_ENABLE_OBJC_WEAK = YES;
				CLANG_WARN_BLOCK_CAPTURE_AUTORELEASING = YES;
				CLANG_WARN_BOOL_CONVERSION = YES;
				CLANG_WARN_COMMA = YES;
				CLANG_WARN_CONSTANT_CONVERSION = YES;
				CLANG_WARN_DEPRECATED_OBJC_IMPLEMENTATIONS = YES;
				CLANG_WARN_DIRECT_OBJC_ISA_USAGE = YES_ERROR;
				CLANG_WARN_DOCUMENTATION_COMMENTS = YES;
				CLANG_WARN_EMPTY_BODY = YES;
				CLANG_WARN_ENUM_CONVERSION = YES;
				CLANG_WARN_INFINITE_RECURSION = YES;
				CLANG_WARN_INT_CONVERSION = YES;
				CLANG_WARN_NON_LITERAL_NULL_CONVERSION = YES;
				CLANG_WARN_OBJC_IMPLICIT_RETAIN_SELF = YES;
				CLANG_WARN_OBJC_LITERAL_CONVERSION = YES;
				CLANG_WARN_OBJC_ROOT_CLASS = YES_ERROR;
				CLANG_WARN_QUOTED_INCLUDE_IN_FRAMEWORK_HEADER = YES;
				CLANG_WARN_RANGE_LOOP_ANALYSIS = YES;
				CLANG_WARN_STRICT_PROTOTYPES = YES;
				CLANG_WARN_SUSPICIOUS_MOVE = YES;
				CLANG_WARN_UNGUARDED_AVAILABILITY = YES_AGGRESSIVE;
				CLANG_WARN_UNREACHABLE_CODE = YES;
				CLANG_WARN__DUPLICATE_METHOD_MATCH = YES;
				COPY_PHASE_STRIP = NO;
				DEBUG_INFORMATION_FORMAT = "dwarf-with-dsym";
				ENABLE_NS_ASSERTIONS = NO;
				ENABLE_STRICT_OBJC_MSGSEND = YES;
				GCC_C_LANGUAGE_STANDARD = gnu11;
				GCC_NO_COMMON_BLOCKS = YES;
				GCC_WARN_64_TO_32_BIT_CONVERSION = YES;
				GCC_WARN_ABOUT_RETURN_TYPE = YES_ERROR;
				GCC_WARN_UNDECLARED_SELECTOR = YES;
				GCC_WARN_UNINITIALIZED_AUTOS = YES_AGGRESSIVE;
				GCC_WARN_UNUSED_FUNCTION = YES;
				GCC_WARN_UNUSED_VARIABLE = YES;
				IPHONEOS_DEPLOYMENT_TARGET = 13.6;
				MTL_ENABLE_DEBUG_INFO = NO;
				MTL_FAST_MATH = YES;
				SDKROOT = iphoneos;
				SWIFT_COMPILATION_MODE = wholemodule;
				SWIFT_OPTIMIZATION_LEVEL = "-O";
				VALIDATE_PRODUCT = YES;
			};
			name = Release;
		};
		584F939724D798F3007C9A08 /* Debug */ = {
			isa = XCBuildConfiguration;
			buildSettings = {
				ASSETCATALOG_COMPILER_APPICON_NAME = AppIcon;
				CODE_SIGN_STYLE = Automatic;
				INFOPLIST_FILE = MemeMe1/Info.plist;
				LD_RUNPATH_SEARCH_PATHS = (
					"$(inherited)",
					"@executable_path/Frameworks",
				);
				PRODUCT_BUNDLE_IDENTIFIER = HusseinObeid.MemeMe1;
				PRODUCT_NAME = "$(TARGET_NAME)";
				SWIFT_VERSION = 5.0;
				TARGETED_DEVICE_FAMILY = "1,2";
			};
			name = Debug;
		};
		584F939824D798F3007C9A08 /* Release */ = {
			isa = XCBuildConfiguration;
			buildSettings = {
				ASSETCATALOG_COMPILER_APPICON_NAME = AppIcon;
				CODE_SIGN_STYLE = Automatic;
				INFOPLIST_FILE = MemeMe1/Info.plist;
				LD_RUNPATH_SEARCH_PATHS = (
					"$(inherited)",
					"@executable_path/Frameworks",
				);
				PRODUCT_BUNDLE_IDENTIFIER = HusseinObeid.MemeMe1;
				PRODUCT_NAME = "$(TARGET_NAME)";
				SWIFT_VERSION = 5.0;
				TARGETED_DEVICE_FAMILY = "1,2";
			};
			name = Release;
		};
/* End XCBuildConfiguration section */

/* Begin XCConfigurationList section */
		584F937D24D798F2007C9A08 /* Build configuration list for PBXProject "MemeMe1" */ = {
			isa = XCConfigurationList;
			buildConfigurations = (
				584F939424D798F3007C9A08 /* Debug */,
				584F939524D798F3007C9A08 /* Release */,
			);
			defaultConfigurationIsVisible = 0;
			defaultConfigurationName = Release;
		};
		584F939624D798F3007C9A08 /* Build configuration list for PBXNativeTarget "MemeMe1" */ = {
			isa = XCConfigurationList;
			buildConfigurations = (
				584F939724D798F3007C9A08 /* Debug */,
				584F939824D798F3007C9A08 /* Release */,
			);
			defaultConfigurationIsVisible = 0;
			defaultConfigurationName = Release;
		};
/* End XCConfigurationList section */
	};
	rootObject = 584F937A24D798F2007C9A08 /* Project object */;
}
